[{<<"action_msgs">>,{ros2,<<"action_msgs">>,<<>>,galactic},1},
 {<<"builtin_interfaces">>,{ros2,<<"builtin_interfaces">>,<<>>,galactic},1},
 {<<"example_interfaces">>,{ros2,<<"example_interfaces">>,<<>>,galactic},0},
 {<<"geometry_msgs">>,{ros2,<<"geometry_msgs">>,<<>>,galactic},0},
 {<<"rcl_interfaces">>,{ros2,<<"rcl_interfaces">>,<<>>,galactic},1},
 {<<"rcpputils">>,{ros2,<<"rcpputils">>,<<>>,galactic},2},
 {<<"rcutils">>,{ros2,<<"rcutils">>,<<>>,galactic},2},
 {<<"rmw">>,{ros2,<<"rmw">>,<<>>,galactic},2},
 {<<"rmw_dds_common">>,{ros2,<<"rmw_dds_common">>,<<>>,galactic},1},
 {<<"rosidl_runtime_cpp">>,{ros2,<<"rosidl_runtime_cpp">>,<<>>,galactic},2},
 {<<"rosie_dds">>,
  {git,"https://github.com/rosie-project/rosie_dds.git",
       {ref,"35d263bda1d47eae80f63f825daa24d9670b982e"}},
  1},
 {<<"rosie_rclerl">>,
  {git,"https://github.com/rosie-project/rosie_rclerl.git",
       {ref,"75c42fbaa436e64311bc16b8b7faf09de4dcaeae"}},
  0},
 {<<"std_msgs">>,{ros2,<<"std_msgs">>,<<>>,galactic},0},
 {<<"unique_identifier_msgs">>,
  {ros2,<<"unique_identifier_msgs">>,<<>>,galactic},
  2}].
