[{<<"action_msgs">>,{ros2,<<"action_msgs">>,<<"1.3.0">>,galactic},1},
 {<<"builtin_interfaces">>,
  {ros2,<<"builtin_interfaces">>,<<"1.3.0">>,galactic},
  1},
 {<<"example_interfaces">>,
  {ros2,<<"example_interfaces">>,<<"0.10.0">>,galactic},
  0},
 {<<"geometry_msgs">>,{ros2,<<"geometry_msgs">>,<<"4.5.0">>,galactic},0},
 {<<"rcl_interfaces">>,{ros2,<<"rcl_interfaces">>,<<"1.3.0">>,galactic},1},
 {<<"rclcpp">>,{ros2,<<"rclcpp">>,<<"9.2.1">>,local},1},
 {<<"rcpputils">>,{ros2,<<"rcpputils">>,<<"2.5.1">>,galactic},2},
 {<<"rcutils">>,{ros2,<<"rcutils">>,<<"5.2.0">>,galactic},2},
 {<<"rmw">>,{ros2,<<"rmw">>,<<"6.3.0">>,galactic},2},
 {<<"rmw_dds_common">>,{ros2,<<"rmw_dds_common">>,<<"1.7.0">>,galactic},1},
 {<<"rosidl_default_generators">>,
  {ros2,<<"rosidl_default_generators">>,<<"1.1.1">>,local},
  1},
 {<<"rosidl_runtime_cpp">>,
  {ros2,<<"rosidl_runtime_cpp">>,<<"3.2.0">>,galactic},
  2},
 {<<"rosie_dds">>,
  {git,"https://github.com/rosie-project/rosie_dds.git",
       {ref,"cc3d9cb705aaeff7b762db74f55ae1bf5ae3fc2e"}},
  0},
 {<<"rosie_demos_msgs">>,{ros2,<<"rosie_demos_msgs">>,<<"0.1.0">>,local},0},
 {<<"rosie_rclerl">>,
  {git,"https://github.com/rosie-project/rosie_rclerl.git",
       {ref,"75c42fbaa436e64311bc16b8b7faf09de4dcaeae"}},
  0},
 {<<"std_msgs">>,{ros2,<<"std_msgs">>,<<"4.5.0">>,galactic},0},
 {<<"unique_identifier_msgs">>,
  {ros2,<<"unique_identifier_msgs">>,<<"2.3.0">>,galactic},
  2}].
